
Microsoft Visual Studio Solution File, Format Version 12.00
# Visual Studio Version 17
VisualStudioVersion = 17.6.33723.286
MinimumVisualStudioVersion = 10.0.40219.1
Project("{FAE04EC0-301F-11D3-BF4B-00C04F79EFBC}") = "HangmanGame", "HangmanGame\HangmanGame.csproj", "{2449950A-8B7F-4BFC-98DA-240787C1EF34}"
EndProject
Global
	GlobalSection(SolutionConfigurationPlatforms) = preSolution
		Debug|Any CPU = Debug|Any CPU
		Release|Any CPU = Release|Any CPU
	EndGlobalSection
	GlobalSection(ProjectConfigurationPlatforms) = postSolution
		{2449950A-8B7F-4BFC-98DA-240787C1EF34}.Debug|Any CPU.ActiveCfg = Debug|Any CPU
		{2449950A-8B7F-4BFC-98DA-240787C1EF34}.Debug|Any CPU.Build.0 = Debug|Any CPU
		{2449950A-8B7F-4BFC-98DA-240787C1EF34}.Release|Any CPU.ActiveCfg = Release|Any CPU
		{2449950A-8B7F-4BFC-98DA-240787C1EF34}.Release|Any CPU.Build.0 = Release|Any CPU
	EndGlobalSection
	GlobalSection(SolutionProperties) = preSolution
		HideSolutionNode = FALSE
	EndGlobalSection
	GlobalSection(ExtensibilityGlobals) = postSolution
		SolutionGuid = {0E921BAF-D53B-4F62-8035-B39344DA744E}
	EndGlobalSection
EndGlobal
